// !$*UTF8*$!
{
	archiveVersion = 1;
	classes = {
	};
	objectVersion = 56;
	objects = {

/* Begin PBXBuildFile section */
		DB1730382B019CD800310D4C /* fetchRecipeAppApp.swift in Sources */ = {isa = PBXBuildFile; fileRef = DB1730372B019CD800310D4C /* fetchRecipeAppApp.swift */; };
		DB17303A2B019CD800310D4C /* ContentView.swift in Sources */ = {isa = PBXBuildFile; fileRef = DB1730392B019CD800310D4C /* ContentView.swift */; };
		DB17303C2B019CDA00310D4C /* Assets.xcassets in Resources */ = {isa = PBXBuildFile; fileRef = DB17303B2B019CDA00310D4C /* Assets.xcassets */; };
		DB17303F2B019CDB00310D4C /* Preview Assets.xcassets in Resources */ = {isa = PBXBuildFile; fileRef = DB17303E2B019CDA00310D4C /* Preview Assets.xcassets */; };
		DBA31ED72B02EC6B00FAF78E /* NetworkManager.swift in Sources */ = {isa = PBXBuildFile; fileRef = DBA31ED62B02EC6B00FAF78E /* NetworkManager.swift */; };
		DBA31ED92B02EC7900FAF78E /* Meal.swift in Sources */ = {isa = PBXBuildFile; fileRef = DBA31ED82B02EC7900FAF78E /* Meal.swift */; };
		DBA31EDF2B02ECAD00FAF78E /* MealListView.swift in Sources */ = {isa = PBXBuildFile; fileRef = DBA31EDE2B02ECAD00FAF78E /* MealListView.swift */; };
		DBA31EE12B02ECB900FAF78E /* MealDetailsView.swift in Sources */ = {isa = PBXBuildFile; fileRef = DBA31EE02B02ECB900FAF78E /* MealDetailsView.swift */; };
/* End PBXBuildFile section */

/* Begin PBXFileReference section */
		DB1730342B019CD800310D4C /* fetchRecipeApp.app */ = {isa = PBXFileReference; explicitFileType = wrapper.application; includeInIndex = 0; path = fetchRecipeApp.app; sourceTree = BUILT_PRODUCTS_DIR; };
		DB1730372B019CD800310D4C /* fetchRecipeAppApp.swift */ = {isa = PBXFileReference; lastKnownFileType = sourcecode.swift; path = fetchRecipeAppApp.swift; sourceTree = "<group>"; };
		DB1730392B019CD800310D4C /* ContentView.swift */ = {isa = PBXFileReference; lastKnownFileType = sourcecode.swift; path = ContentView.swift; sourceTree = "<group>"; };
		DB17303B2B019CDA00310D4C /* Assets.xcassets */ = {isa = PBXFileReference; lastKnownFileType = folder.assetcatalog; path = Assets.xcassets; sourceTree = "<group>"; };
		DB17303E2B019CDA00310D4C /* Preview Assets.xcassets */ = {isa = PBXFileReference; lastKnownFileType = folder.assetcatalog; path = "Preview Assets.xcassets"; sourceTree = "<group>"; };
		DBA31ED62B02EC6B00FAF78E /* NetworkManager.swift */ = {isa = PBXFileReference; lastKnownFileType = sourcecode.swift; path = NetworkManager.swift; sourceTree = "<group>"; };
		DBA31ED82B02EC7900FAF78E /* Meal.swift */ = {isa = PBXFileReference; lastKnownFileType = sourcecode.swift; path = Meal.swift; sourceTree = "<group>"; };
		DBA31EDE2B02ECAD00FAF78E /* MealListView.swift */ = {isa = PBXFileReference; lastKnownFileType = sourcecode.swift; path = MealListView.swift; sourceTree = "<group>"; };
		DBA31EE02B02ECB900FAF78E /* MealDetailsView.swift */ = {isa = PBXFileReference; lastKnownFileType = sourcecode.swift; path = MealDetailsView.swift; sourceTree = "<group>"; };
/* End PBXFileReference section */

/* Begin PBXFrameworksBuildPhase section */
		DB1730312B019CD800310D4C /* Frameworks */ = {
			isa = PBXFrameworksBuildPhase;
			buildActionMask = 2147483647;
			files = (
			);
			runOnlyForDeploymentPostprocessing = 0;
		};
/* End PBXFrameworksBuildPhase section */

/* Begin PBXGroup section */
		DB17302B2B019CD800310D4C = {
			isa = PBXGroup;
			children = (
				DB1730362B019CD800310D4C /* fetchRecipeApp */,
				DB1730352B019CD800310D4C /* Products */,
			);
			sourceTree = "<group>";
		};
		DB1730352B019CD800310D4C /* Products */ = {
			isa = PBXGroup;
			children = (
				DB1730342B019CD800310D4C /* fetchRecipeApp.app */,
			);
			name = Products;
			sourceTree = "<group>";
		};
		DB1730362B019CD800310D4C /* fetchRecipeApp */ = {
			isa = PBXGroup;
			children = (
				DBA31ED42B02EC3000FAF78E /* Network */,
				DBA31ED32B02EC2300FAF78E /* Views */,
				DBA31ED22B02EC1C00FAF78E /* Models */,
				DB1730372B019CD800310D4C /* fetchRecipeAppApp.swift */,
				DB17303B2B019CDA00310D4C /* Assets.xcassets */,
				DB17303D2B019CDA00310D4C /* Preview Content */,
			);
			path = fetchRecipeApp;
			sourceTree = "<group>";
		};
		DB17303D2B019CDA00310D4C /* Preview Content */ = {
			isa = PBXGroup;
			children = (
				DB17303E2B019CDA00310D4C /* Preview Assets.xcassets */,
			);
			path = "Preview Content";
			sourceTree = "<group>";
		};
		DBA31ED22B02EC1C00FAF78E /* Models */ = {
			isa = PBXGroup;
			children = (
				DBA31ED82B02EC7900FAF78E /* Meal.swift */,
			);
			path = Models;
			sourceTree = "<group>";
		};
		DBA31ED32B02EC2300FAF78E /* Views */ = {
			isa = PBXGroup;
			children = (
				DB1730392B019CD800310D4C /* ContentView.swift */,
				DBA31EDE2B02ECAD00FAF78E /* MealListView.swift */,
				DBA31EE02B02ECB900FAF78E /* MealDetailsView.swift */,
			);
			path = Views;
			sourceTree = "<group>";
		};
		DBA31ED42B02EC3000FAF78E /* Network */ = {
			isa = PBXGroup;
			children = (
				DBA31ED62B02EC6B00FAF78E /* NetworkManager.swift */,
			);
			path = Network;
			sourceTree = "<group>";
		};
/* End PBXGroup section */

/* Begin PBXNativeTarget section */
		DB1730332B019CD800310D4C /* fetchRecipeApp */ = {
			isa = PBXNativeTarget;
			buildConfigurationList = DB1730422B019CDB00310D4C /* Build configuration list for PBXNativeTarget "fetchRecipeApp" */;
			buildPhases = (
				DB1730302B019CD800310D4C /* Sources */,
				DB1730312B019CD800310D4C /* Frameworks */,
				DB1730322B019CD800310D4C /* Resources */,
			);
			buildRules = (
			);
			dependencies = (
			);
			name = fetchRecipeApp;
			productName = fetchRecipeApp;
			productReference = DB1730342B019CD800310D4C /* fetchRecipeApp.app */;
			productType = "com.apple.product-type.application";
		};
/* End PBXNativeTarget section */

/* Begin PBXProject section */
		DB17302C2B019CD800310D4C /* Project object */ = {
			isa = PBXProject;
			attributes = {
				BuildIndependentTargetsInParallel = 1;
				LastSwiftUpdateCheck = 1500;
				LastUpgradeCheck = 1500;
				TargetAttributes = {
					DB1730332B019CD800310D4C = {
						CreatedOnToolsVersion = 15.0.1;
					};
				};
			};
			buildConfigurationList = DB17302F2B019CD800310D4C /* Build configuration list for PBXProject "fetchRecipeApp" */;
			compatibilityVersion = "Xcode 14.0";
			developmentRegion = en;
			hasScannedForEncodings = 0;
			knownRegions = (
				en,
				Base,
			);
			mainGroup = DB17302B2B019CD800310D4C;
			productRefGroup = DB1730352B019CD800310D4C /* Products */;
			projectDirPath = "";
			projectRoot = "";
			targets = (
				DB1730332B019CD800310D4C /* fetchRecipeApp */,
			);
		};
/* End PBXProject section */

/* Begin PBXResourcesBuildPhase section */
		DB1730322B019CD800310D4C /* Resources */ = {
			isa = PBXResourcesBuildPhase;
			buildActionMask = 2147483647;
			files = (
				DB17303F2B019CDB00310D4C /* Preview Assets.xcassets in Resources */,
				DB17303C2B019CDA00310D4C /* Assets.xcassets in Resources */,
			);
			runOnlyForDeploymentPostprocessing = 0;
		};
/* End PBXResourcesBuildPhase section */

/* Begin PBXSourcesBuildPhase section */
		DB1730302B019CD800310D4C /* Sources */ = {
			isa = PBXSourcesBuildPhase;
			buildActionMask = 2147483647;
			files = (
				DBA31EE12B02ECB900FAF78E /* MealDetailsView.swift in Sources */,
				DBA31ED92B02EC7900FAF78E /* Meal.swift in Sources */,
				DBA31ED72B02EC6B00FAF78E /* NetworkManager.swift in Sources */,
				DB17303A2B019CD800310D4C /* ContentView.swift in Sources */,
				DB1730382B019CD800310D4C /* fetchRecipeAppApp.swift in Sources */,
				DBA31EDF2B02ECAD00FAF78E /* MealListView.swift in Sources */,
			);
			runOnlyForDeploymentPostprocessing = 0;
		};
/* End PBXSourcesBuildPhase section */

/* Begin XCBuildConfiguration section */
		DB1730402B019CDB00310D4C /* Debug */ = {
			isa = XCBuildConfiguration;
			buildSettings = {
				ALWAYS_SEARCH_USER_PATHS = NO;
				ASSETCATALOG_COMPILER_GENERATE_SWIFT_ASSET_SYMBOL_EXTENSIONS = YES;
				CLANG_ANALYZER_NONNULL = YES;
				CLANG_ANALYZER_NUMBER_OBJECT_CONVERSION = YES_AGGRESSIVE;
				CLANG_CXX_LANGUAGE_STANDARD = "gnu++20";
				CLANG_ENABLE_MODULES = YES;
				CLANG_ENABLE_OBJC_ARC = YES;
				CLANG_ENABLE_OBJC_WEAK = YES;
				CLANG_WARN_BLOCK_CAPTURE_AUTORELEASING = YES;
				CLANG_WARN_BOOL_CONVERSION = YES;
				CLANG_WARN_COMMA = YES;
				CLANG_WARN_CONSTANT_CONVERSION = YES;
				CLANG_WARN_DEPRECATED_OBJC_IMPLEMENTATIONS = YES;
				CLANG_WARN_DIRECT_OBJC_ISA_USAGE = YES_ERROR;
				CLANG_WARN_DOCUMENTATION_COMMENTS = YES;
				CLANG_WARN_EMPTY_BODY = YES;
				CLANG_WARN_ENUM_CONVERSION = YES;
				CLANG_WARN_INFINITE_RECURSION = YES;
				CLANG_WARN_INT_CONVERSION = YES;
				CLANG_WARN_NON_LITERAL_NULL_CONVERSION = YES;
				CLANG_WARN_OBJC_IMPLICIT_RETAIN_SELF = YES;
				CLANG_WARN_OBJC_LITERAL_CONVERSION = YES;
				CLANG_WARN_OBJC_ROOT_CLASS = YES_ERROR;
				CLANG_WARN_QUOTED_INCLUDE_IN_FRAMEWORK_HEADER = YES;
				CLANG_WARN_RANGE_LOOP_ANALYSIS = YES;
				CLANG_WARN_STRICT_PROTOTYPES = YES;
				CLANG_WARN_SUSPICIOUS_MOVE = YES;
				CLANG_WARN_UNGUARDED_AVAILABILITY = YES_AGGRESSIVE;
				CLANG_WARN_UNREACHABLE_CODE = YES;
				CLANG_WARN__DUPLICATE_METHOD_MATCH = YES;
				COPY_PHASE_STRIP = NO;
				DEBUG_INFORMATION_FORMAT = dwarf;
				ENABLE_STRICT_OBJC_MSGSEND = YES;
				ENABLE_TESTABILITY = YES;
				ENABLE_USER_SCRIPT_SANDBOXING = YES;
				GCC_C_LANGUAGE_STANDARD = gnu17;
				GCC_DYNAMIC_NO_PIC = NO;
				GCC_NO_COMMON_BLOCKS = YES;
				GCC_OPTIMIZATION_LEVEL = 0;
				GCC_PREPROCESSOR_DEFINITIONS = (
					"DEBUG=1",
					"$(inherited)",
				);
				GCC_WARN_64_TO_32_BIT_CONVERSION = YES;
				GCC_WARN_ABOUT_RETURN_TYPE = YES_ERROR;
				GCC_WARN_UNDECLARED_SELECTOR = YES;
				GCC_WARN_UNINITIALIZED_AUTOS = YES_AGGRESSIVE;
				GCC_WARN_UNUSED_FUNCTION = YES;
				GCC_WARN_UNUSED_VARIABLE = YES;
				IPHONEOS_DEPLOYMENT_TARGET = 17.0;
				LOCALIZATION_PREFERS_STRING_CATALOGS = YES;
				MTL_ENABLE_DEBUG_INFO = INCLUDE_SOURCE;
				MTL_FAST_MATH = YES;
				ONLY_ACTIVE_ARCH = YES;
				SDKROOT = iphoneos;
				SWIFT_ACTIVE_COMPILATION_CONDITIONS = "DEBUG $(inherited)";
				SWIFT_OPTIMIZATION_LEVEL = "-Onone";
			};
			name = Debug;
		};
		DB1730412B019CDB00310D4C /* Release */ = {
			isa = XCBuildConfiguration;
			buildSettings = {
				ALWAYS_SEARCH_USER_PATHS = NO;
				ASSETCATALOG_COMPILER_GENERATE_SWIFT_ASSET_SYMBOL_EXTENSIONS = YES;
				CLANG_ANALYZER_NONNULL = YES;
				CLANG_ANALYZER_NUMBER_OBJECT_CONVERSION = YES_AGGRESSIVE;
				CLANG_CXX_LANGUAGE_STANDARD = "gnu++20";
				CLANG_ENABLE_MODULES = YES;
				CLANG_ENABLE_OBJC_ARC = YES;
				CLANG_ENABLE_OBJC_WEAK = YES;
				CLANG_WARN_BLOCK_CAPTURE_AUTORELEASING = YES;
				CLANG_WARN_BOOL_CONVERSION = YES;
				CLANG_WARN_COMMA = YES;
				CLANG_WARN_CONSTANT_CONVERSION = YES;
				CLANG_WARN_DEPRECATED_OBJC_IMPLEMENTATIONS = YES;
				CLANG_WARN_DIRECT_OBJC_ISA_USAGE = YES_ERROR;
				CLANG_WARN_DOCUMENTATION_COMMENTS = YES;
				CLANG_WARN_EMPTY_BODY = YES;
				CLANG_WARN_ENUM_CONVERSION = YES;
				CLANG_WARN_INFINITE_RECURSION = YES;
				CLANG_WARN_INT_CONVERSION = YES;
				CLANG_WARN_NON_LITERAL_NULL_CONVERSION = YES;
				CLANG_WARN_OBJC_IMPLICIT_RETAIN_SELF = YES;
				CLANG_WARN_OBJC_LITERAL_CONVERSION = YES;
				CLANG_WARN_OBJC_ROOT_CLASS = YES_ERROR;
				CLANG_WARN_QUOTED_INCLUDE_IN_FRAMEWORK_HEADER = YES;
				CLANG_WARN_RANGE_LOOP_ANALYSIS = YES;
				CLANG_WARN_STRICT_PROTOTYPES = YES;
				CLANG_WARN_SUSPICIOUS_MOVE = YES;
				CLANG_WARN_UNGUARDED_AVAILABILITY = YES_AGGRESSIVE;
				CLANG_WARN_UNREACHABLE_CODE = YES;
				CLANG_WARN__DUPLICATE_METHOD_MATCH = YES;
				COPY_PHASE_STRIP = NO;
				DEBUG_INFORMATION_FORMAT = "dwarf-with-dsym";
				ENABLE_NS_ASSERTIONS = NO;
				ENABLE_STRICT_OBJC_MSGSEND = YES;
				ENABLE_USER_SCRIPT_SANDBOXING = YES;
				GCC_C_LANGUAGE_STANDARD = gnu17;
				GCC_NO_COMMON_BLOCKS = YES;
				GCC_WARN_64_TO_32_BIT_CONVERSION = YES;
				GCC_WARN_ABOUT_RETURN_TYPE = YES_ERROR;
				GCC_WARN_UNDECLARED_SELECTOR = YES;
				GCC_WARN_UNINITIALIZED_AUTOS = YES_AGGRESSIVE;
				GCC_WARN_UNUSED_FUNCTION = YES;
				GCC_WARN_UNUSED_VARIABLE = YES;
				IPHONEOS_DEPLOYMENT_TARGET = 17.0;
				LOCALIZATION_PREFERS_STRING_CATALOGS = YES;
				MTL_ENABLE_DEBUG_INFO = NO;
				MTL_FAST_MATH = YES;
				SDKROOT = iphoneos;
				SWIFT_COMPILATION_MODE = wholemodule;
				VALIDATE_PRODUCT = YES;
			};
			name = Release;
		};
		DB1730432B019CDB00310D4C /* Debug */ = {
			isa = XCBuildConfiguration;
			buildSettings = {
				ASSETCATALOG_COMPILER_APPICON_NAME = AppIcon;
				ASSETCATALOG_COMPILER_GLOBAL_ACCENT_COLOR_NAME = AccentColor;
				CODE_SIGN_STYLE = Automatic;
				CURRENT_PROJECT_VERSION = 1;
				DEVELOPMENT_ASSET_PATHS = "\"fetchRecipeApp/Preview Content\"";
				DEVELOPMENT_TEAM = VVJZ8228WG;
				ENABLE_PREVIEWS = YES;
				GENERATE_INFOPLIST_FILE = YES;
				INFOPLIST_KEY_UIApplicationSceneManifest_Generation = YES;
				INFOPLIST_KEY_UIApplicationSupportsIndirectInputEvents = YES;
				INFOPLIST_KEY_UILaunchScreen_Generation = YES;
				INFOPLIST_KEY_UISupportedInterfaceOrientations_iPad = "UIInterfaceOrientationPortrait UIInterfaceOrientationPortraitUpsideDown UIInterfaceOrientationLandscapeLeft UIInterfaceOrientationLandscapeRight";
				INFOPLIST_KEY_UISupportedInterfaceOrientations_iPhone = "UIInterfaceOrientationPortrait UIInterfaceOrientationLandscapeLeft UIInterfaceOrientationLandscapeRight";
				LD_RUNPATH_SEARCH_PATHS = (
					"$(inherited)",
					"@executable_path/Frameworks",
				);
				MARKETING_VERSION = 1.0;
				PRODUCT_BUNDLE_IDENTIFIER = AdamZ.fetchRecipeApp;
				PRODUCT_NAME = "$(TARGET_NAME)";
				SWIFT_EMIT_LOC_STRINGS = YES;
				SWIFT_VERSION = 5.0;
				TARGETED_DEVICE_FAMILY = "1,2";
			};
			name = Debug;
		};
		DB1730442B019CDB00310D4C /* Release */ = {
			isa = XCBuildConfiguration;
			buildSettings = {
				ASSETCATALOG_COMPILER_APPICON_NAME = AppIcon;
				ASSETCATALOG_COMPILER_GLOBAL_ACCENT_COLOR_NAME = AccentColor;
				CODE_SIGN_STYLE = Automatic;
				CURRENT_PROJECT_VERSION = 1;
				DEVELOPMENT_ASSET_PATHS = "\"fetchRecipeApp/Preview Content\"";
				DEVELOPMENT_TEAM = VVJZ8228WG;
				ENABLE_PREVIEWS = YES;
				GENERATE_INFOPLIST_FILE = YES;
				INFOPLIST_KEY_UIApplicationSceneManifest_Generation = YES;
				INFOPLIST_KEY_UIApplicationSupportsIndirectInputEvents = YES;
				INFOPLIST_KEY_UILaunchScreen_Generation = YES;
				INFOPLIST_KEY_UISupportedInterfaceOrientations_iPad = "UIInterfaceOrientationPortrait UIInterfaceOrientationPortraitUpsideDown UIInterfaceOrientationLandscapeLeft UIInterfaceOrientationLandscapeRight";
				INFOPLIST_KEY_UISupportedInterfaceOrientations_iPhone = "UIInterfaceOrientationPortrait UIInterfaceOrientationLandscapeLeft UIInterfaceOrientationLandscapeRight";
				LD_RUNPATH_SEARCH_PATHS = (
					"$(inherited)",
					"@executable_path/Frameworks",
				);
				MARKETING_VERSION = 1.0;
				PRODUCT_BUNDLE_IDENTIFIER = AdamZ.fetchRecipeApp;
				PRODUCT_NAME = "$(TARGET_NAME)";
				SWIFT_EMIT_LOC_STRINGS = YES;
				SWIFT_VERSION = 5.0;
				TARGETED_DEVICE_FAMILY = "1,2";
			};
			name = Release;
		};
/* End XCBuildConfiguration section */

/* Begin XCConfigurationList section */
		DB17302F2B019CD800310D4C /* Build configuration list for PBXProject "fetchRecipeApp" */ = {
			isa = XCConfigurationList;
			buildConfigurations = (
				DB1730402B019CDB00310D4C /* Debug */,
				DB1730412B019CDB00310D4C /* Release */,
			);
			defaultConfigurationIsVisible = 0;
			defaultConfigurationName = Release;
		};
		DB1730422B019CDB00310D4C /* Build configuration list for PBXNativeTarget "fetchRecipeApp" */ = {
			isa = XCConfigurationList;
			buildConfigurations = (
				DB1730432B019CDB00310D4C /* Debug */,
				DB1730442B019CDB00310D4C /* Release */,
			);
			defaultConfigurationIsVisible = 0;
			defaultConfigurationName = Release;
		};
/* End XCConfigurationList section */
	};
	rootObject = DB17302C2B019CD800310D4C /* Project object */;
}
